PODS:
  - Flutter (1.0.0)
  - UMCommon (7.2.8):
    - UMDevice
  - UMDevice (1.2.0)
  - umeng_analytics_plugin (0.0.1):
    - Flutter
    - UMCommon

DEPENDENCIES:
  - Flutter (from `Flutter`)
  - umeng_analytics_plugin (from `.symlinks/plugins/umeng_analytics_plugin/ios`)

SPEC REPOS:
  trunk:
    - UMCommon
    - UMDevice

EXTERNAL SOURCES:
  Flutter:
    :path: Flutter
  umeng_analytics_plugin:
    :path: ".symlinks/plugins/umeng_analytics_plugin/ios"

SPEC CHECKSUMS:
  Flutter: 434fef37c0980e73bb6479ef766c45957d4b510c
  UMCommon: 87e2bf6a5c44df6f60509219a7279d9f94c31d24
  UMDevice: da050ba77e5075b1ec08303065722d25f599e483
  umeng_analytics_plugin: 1bfd0c7a198e896fd18912806ba9a230ded7f8ea

PODFILE CHECKSUM: aafe91acc616949ddb318b77800a7f51bffa2a4c

COCOAPODS: 1.10.1
